
Microsoft Visual Studio Solution File, Format Version 12.00
# Visual Studio Version 17
VisualStudioVersion = 17.3.32825.248
MinimumVisualStudioVersion = 10.0.40219.1
Project("{FAE04EC0-301F-11D3-BF4B-00C04F79EFBC}") = "CrudMvc", "CrudMvc\CrudMvc.csproj", "{DF51DE2E-83BF-4513-8F07-3ACDD5D25D6B}"
EndProject
Global
	GlobalSection(SolutionConfigurationPlatforms) = preSolution
		Debug|Any CPU = Debug|Any CPU
		Release|Any CPU = Release|Any CPU
	EndGlobalSection
	GlobalSection(ProjectConfigurationPlatforms) = postSolution
		{DF51DE2E-83BF-4513-8F07-3ACDD5D25D6B}.Debug|Any CPU.ActiveCfg = Debug|Any CPU
		{DF51DE2E-83BF-4513-8F07-3ACDD5D25D6B}.Debug|Any CPU.Build.0 = Debug|Any CPU
		{DF51DE2E-83BF-4513-8F07-3ACDD5D25D6B}.Release|Any CPU.ActiveCfg = Release|Any CPU
		{DF51DE2E-83BF-4513-8F07-3ACDD5D25D6B}.Release|Any CPU.Build.0 = Release|Any CPU
	EndGlobalSection
	GlobalSection(SolutionProperties) = preSolution
		HideSolutionNode = FALSE
	EndGlobalSection
	GlobalSection(ExtensibilityGlobals) = postSolution
		SolutionGuid = {96D2287C-DD09-4864-97DF-A6A614626977}
	EndGlobalSection
EndGlobal
